
Microsoft Visual Studio Solution File, Format Version 12.00
# Visual Studio 15
Project("{FAE04EC0-301F-11D3-BF4B-00C04F79EFBC}") = "TheSandwichSpot.Android", "TheSandwichSpot.Android\TheSandwichSpot.Android.csproj", "{C01C2887-CDF3-4363-80CB-F26513627777}"
EndProject
Project("{FAE04EC0-301F-11D3-BF4B-00C04F79EFBC}") = "TheSandwichSpot.iOS", "TheSandwichSpot.iOS\TheSandwichSpot.iOS.csproj", "{F1E90E18-CDDC-4C7F-8229-FC361AEE7797}"
EndProject
Project("{FAE04EC0-301F-11D3-BF4B-00C04F79EFBC}") = "TheSandwichSpot", "TheSandwichSpot\TheSandwichSpot.csproj", "{B3D7A444-F6F1-4E0E-BE7D-03E819FFE27A}"
EndProject
Global
	GlobalSection(SolutionConfigurationPlatforms) = preSolution
		Debug|Any CPU = Debug|Any CPU
		Release|Any CPU = Release|Any CPU
		Debug|iPhoneSimulator = Debug|iPhoneSimulator
		Release|iPhoneSimulator = Release|iPhoneSimulator
		Debug|iPhone = Debug|iPhone
		Release|iPhone = Release|iPhone
	EndGlobalSection
	GlobalSection(ProjectConfigurationPlatforms) = postSolution
		{C01C2887-CDF3-4363-80CB-F26513627777}.Debug|Any CPU.ActiveCfg = Debug|Any CPU
		{C01C2887-CDF3-4363-80CB-F26513627777}.Debug|Any CPU.Build.0 = Debug|Any CPU
		{C01C2887-CDF3-4363-80CB-F26513627777}.Release|Any CPU.ActiveCfg = Release|Any CPU
		{C01C2887-CDF3-4363-80CB-F26513627777}.Release|Any CPU.Build.0 = Release|Any CPU
		{C01C2887-CDF3-4363-80CB-F26513627777}.Debug|iPhoneSimulator.ActiveCfg = Debug|Any CPU
		{C01C2887-CDF3-4363-80CB-F26513627777}.Debug|iPhoneSimulator.Build.0 = Debug|Any CPU
		{C01C2887-CDF3-4363-80CB-F26513627777}.Release|iPhoneSimulator.ActiveCfg = Release|Any CPU
		{C01C2887-CDF3-4363-80CB-F26513627777}.Release|iPhoneSimulator.Build.0 = Release|Any CPU
		{C01C2887-CDF3-4363-80CB-F26513627777}.Debug|iPhone.ActiveCfg = Debug|Any CPU
		{C01C2887-CDF3-4363-80CB-F26513627777}.Debug|iPhone.Build.0 = Debug|Any CPU
		{C01C2887-CDF3-4363-80CB-F26513627777}.Release|iPhone.ActiveCfg = Release|Any CPU
		{C01C2887-CDF3-4363-80CB-F26513627777}.Release|iPhone.Build.0 = Release|Any CPU
		{F1E90E18-CDDC-4C7F-8229-FC361AEE7797}.Debug|Any CPU.ActiveCfg = Debug|iPhoneSimulator
		{F1E90E18-CDDC-4C7F-8229-FC361AEE7797}.Debug|Any CPU.Build.0 = Debug|iPhoneSimulator
		{F1E90E18-CDDC-4C7F-8229-FC361AEE7797}.Release|Any CPU.ActiveCfg = Release|iPhoneSimulator
		{F1E90E18-CDDC-4C7F-8229-FC361AEE7797}.Release|Any CPU.Build.0 = Release|iPhoneSimulator
		{F1E90E18-CDDC-4C7F-8229-FC361AEE7797}.Debug|iPhoneSimulator.ActiveCfg = Debug|iPhoneSimulator
		{F1E90E18-CDDC-4C7F-8229-FC361AEE7797}.Debug|iPhoneSimulator.Build.0 = Debug|iPhoneSimulator
		{F1E90E18-CDDC-4C7F-8229-FC361AEE7797}.Release|iPhoneSimulator.ActiveCfg = Release|iPhoneSimulator
		{F1E90E18-CDDC-4C7F-8229-FC361AEE7797}.Release|iPhoneSimulator.Build.0 = Release|iPhoneSimulator
		{F1E90E18-CDDC-4C7F-8229-FC361AEE7797}.Debug|iPhone.ActiveCfg = Debug|iPhone
		{F1E90E18-CDDC-4C7F-8229-FC361AEE7797}.Debug|iPhone.Build.0 = Debug|iPhone
		{F1E90E18-CDDC-4C7F-8229-FC361AEE7797}.Release|iPhone.ActiveCfg = Release|iPhone
		{F1E90E18-CDDC-4C7F-8229-FC361AEE7797}.Release|iPhone.Build.0 = Release|iPhone
		{B3D7A444-F6F1-4E0E-BE7D-03E819FFE27A}.Debug|Any CPU.ActiveCfg = Debug|Any CPU
		{B3D7A444-F6F1-4E0E-BE7D-03E819FFE27A}.Debug|Any CPU.Build.0 = Debug|Any CPU
		{B3D7A444-F6F1-4E0E-BE7D-03E819FFE27A}.Release|Any CPU.ActiveCfg = Release|Any CPU
		{B3D7A444-F6F1-4E0E-BE7D-03E819FFE27A}.Release|Any CPU.Build.0 = Release|Any CPU
		{B3D7A444-F6F1-4E0E-BE7D-03E819FFE27A}.Debug|iPhoneSimulator.ActiveCfg = Debug|Any CPU
		{B3D7A444-F6F1-4E0E-BE7D-03E819FFE27A}.Debug|iPhoneSimulator.Build.0 = Debug|Any CPU
		{B3D7A444-F6F1-4E0E-BE7D-03E819FFE27A}.Release|iPhoneSimulator.ActiveCfg = Release|Any CPU
		{B3D7A444-F6F1-4E0E-BE7D-03E819FFE27A}.Release|iPhoneSimulator.Build.0 = Release|Any CPU
		{B3D7A444-F6F1-4E0E-BE7D-03E819FFE27A}.Debug|iPhone.ActiveCfg = Debug|Any CPU
		{B3D7A444-F6F1-4E0E-BE7D-03E819FFE27A}.Debug|iPhone.Build.0 = Debug|Any CPU
		{B3D7A444-F6F1-4E0E-BE7D-03E819FFE27A}.Release|iPhone.ActiveCfg = Release|Any CPU
		{B3D7A444-F6F1-4E0E-BE7D-03E819FFE27A}.Release|iPhone.Build.0 = Release|Any CPU
	EndGlobalSection
EndGlobal
