
Microsoft Visual Studio Solution File, Format Version 12.00
# Visual Studio 15
Project("{FAE04EC0-301F-11D3-BF4B-00C04F79EFBC}") = "SandwichSpot.Android", "SandwichSpot.Android\SandwichSpot.Android.csproj", "{A0092D57-7285-4CBA-9DF2-A0D2CBBEF632}"
EndProject
Project("{FAE04EC0-301F-11D3-BF4B-00C04F79EFBC}") = "SandwichSpot.iOS", "SandwichSpot.iOS\SandwichSpot.iOS.csproj", "{D558D0BB-6350-498B-93C8-955E92AEBF44}"
EndProject
Project("{FAE04EC0-301F-11D3-BF4B-00C04F79EFBC}") = "SandwichSpot", "SandwichSpot\SandwichSpot.csproj", "{22E06FE0-9FCA-496E-87F4-D1DA7B7C5969}"
EndProject
Project("{2150E333-8FDC-42A3-9474-1A3956D46DE8}") = "Solution Items", "Solution Items", "{B2E36BD5-CD1C-4D06-8C3C-D672F61EFEF2}"
	ProjectSection(SolutionItems) = preProject
		SandwichSpot.sln = SandwichSpot.sln
	EndProjectSection
EndProject
Global
	GlobalSection(SolutionConfigurationPlatforms) = preSolution
		Debug|Any CPU = Debug|Any CPU
		Release|Any CPU = Release|Any CPU
		Debug|iPhoneSimulator = Debug|iPhoneSimulator
		Release|iPhoneSimulator = Release|iPhoneSimulator
		Debug|iPhone = Debug|iPhone
		Release|iPhone = Release|iPhone
	EndGlobalSection
	GlobalSection(ProjectConfigurationPlatforms) = postSolution
		{A0092D57-7285-4CBA-9DF2-A0D2CBBEF632}.Debug|Any CPU.ActiveCfg = Debug|Any CPU
		{A0092D57-7285-4CBA-9DF2-A0D2CBBEF632}.Debug|Any CPU.Build.0 = Debug|Any CPU
		{A0092D57-7285-4CBA-9DF2-A0D2CBBEF632}.Release|Any CPU.ActiveCfg = Release|Any CPU
		{A0092D57-7285-4CBA-9DF2-A0D2CBBEF632}.Release|Any CPU.Build.0 = Release|Any CPU
		{A0092D57-7285-4CBA-9DF2-A0D2CBBEF632}.Debug|iPhoneSimulator.ActiveCfg = Debug|Any CPU
		{A0092D57-7285-4CBA-9DF2-A0D2CBBEF632}.Debug|iPhoneSimulator.Build.0 = Debug|Any CPU
		{A0092D57-7285-4CBA-9DF2-A0D2CBBEF632}.Release|iPhoneSimulator.ActiveCfg = Release|Any CPU
		{A0092D57-7285-4CBA-9DF2-A0D2CBBEF632}.Release|iPhoneSimulator.Build.0 = Release|Any CPU
		{A0092D57-7285-4CBA-9DF2-A0D2CBBEF632}.Debug|iPhone.ActiveCfg = Debug|Any CPU
		{A0092D57-7285-4CBA-9DF2-A0D2CBBEF632}.Debug|iPhone.Build.0 = Debug|Any CPU
		{A0092D57-7285-4CBA-9DF2-A0D2CBBEF632}.Release|iPhone.ActiveCfg = Release|Any CPU
		{A0092D57-7285-4CBA-9DF2-A0D2CBBEF632}.Release|iPhone.Build.0 = Release|Any CPU
		{D558D0BB-6350-498B-93C8-955E92AEBF44}.Debug|Any CPU.ActiveCfg = Debug|iPhoneSimulator
		{D558D0BB-6350-498B-93C8-955E92AEBF44}.Debug|Any CPU.Build.0 = Debug|iPhoneSimulator
		{D558D0BB-6350-498B-93C8-955E92AEBF44}.Release|Any CPU.ActiveCfg = Release|iPhoneSimulator
		{D558D0BB-6350-498B-93C8-955E92AEBF44}.Release|Any CPU.Build.0 = Release|iPhoneSimulator
		{D558D0BB-6350-498B-93C8-955E92AEBF44}.Debug|iPhoneSimulator.ActiveCfg = Debug|iPhoneSimulator
		{D558D0BB-6350-498B-93C8-955E92AEBF44}.Debug|iPhoneSimulator.Build.0 = Debug|iPhoneSimulator
		{D558D0BB-6350-498B-93C8-955E92AEBF44}.Release|iPhoneSimulator.ActiveCfg = Release|iPhoneSimulator
		{D558D0BB-6350-498B-93C8-955E92AEBF44}.Release|iPhoneSimulator.Build.0 = Release|iPhoneSimulator
		{D558D0BB-6350-498B-93C8-955E92AEBF44}.Debug|iPhone.ActiveCfg = Debug|iPhone
		{D558D0BB-6350-498B-93C8-955E92AEBF44}.Debug|iPhone.Build.0 = Debug|iPhone
		{D558D0BB-6350-498B-93C8-955E92AEBF44}.Release|iPhone.ActiveCfg = Release|iPhone
		{D558D0BB-6350-498B-93C8-955E92AEBF44}.Release|iPhone.Build.0 = Release|iPhone
		{22E06FE0-9FCA-496E-87F4-D1DA7B7C5969}.Debug|Any CPU.ActiveCfg = Debug|Any CPU
		{22E06FE0-9FCA-496E-87F4-D1DA7B7C5969}.Debug|Any CPU.Build.0 = Debug|Any CPU
		{22E06FE0-9FCA-496E-87F4-D1DA7B7C5969}.Release|Any CPU.ActiveCfg = Release|Any CPU
		{22E06FE0-9FCA-496E-87F4-D1DA7B7C5969}.Release|Any CPU.Build.0 = Release|Any CPU
		{22E06FE0-9FCA-496E-87F4-D1DA7B7C5969}.Debug|iPhoneSimulator.ActiveCfg = Debug|Any CPU
		{22E06FE0-9FCA-496E-87F4-D1DA7B7C5969}.Debug|iPhoneSimulator.Build.0 = Debug|Any CPU
		{22E06FE0-9FCA-496E-87F4-D1DA7B7C5969}.Release|iPhoneSimulator.ActiveCfg = Release|Any CPU
		{22E06FE0-9FCA-496E-87F4-D1DA7B7C5969}.Release|iPhoneSimulator.Build.0 = Release|Any CPU
		{22E06FE0-9FCA-496E-87F4-D1DA7B7C5969}.Debug|iPhone.ActiveCfg = Debug|Any CPU
		{22E06FE0-9FCA-496E-87F4-D1DA7B7C5969}.Debug|iPhone.Build.0 = Debug|Any CPU
		{22E06FE0-9FCA-496E-87F4-D1DA7B7C5969}.Release|iPhone.ActiveCfg = Release|Any CPU
		{22E06FE0-9FCA-496E-87F4-D1DA7B7C5969}.Release|iPhone.Build.0 = Release|Any CPU
	EndGlobalSection
EndGlobal
