
Microsoft Visual Studio Solution File, Format Version 12.00
# Visual Studio 15
Project("{FAE04EC0-301F-11D3-BF4B-00C04F79EFBC}") = "TheSandwichSpot.Android", "TheSandwichSpot.Android\TheSandwichSpot.Android.csproj", "{837E6D20-EFBE-4287-A76E-4CC247E318FE}"
EndProject
Project("{FAE04EC0-301F-11D3-BF4B-00C04F79EFBC}") = "TheSandwichSpot.iOS", "TheSandwichSpot.iOS\TheSandwichSpot.iOS.csproj", "{77EE15AA-3635-41D2-A1C5-D62738496C91}"
EndProject
Project("{FAE04EC0-301F-11D3-BF4B-00C04F79EFBC}") = "TheSandwichSpot", "TheSandwichSpot\TheSandwichSpot.csproj", "{E7FF7C96-D8A2-4CAD-B4AA-2D99FAF98181}"
EndProject
Global
	GlobalSection(SolutionConfigurationPlatforms) = preSolution
		Debug|Any CPU = Debug|Any CPU
		Release|Any CPU = Release|Any CPU
		Debug|iPhoneSimulator = Debug|iPhoneSimulator
		Release|iPhoneSimulator = Release|iPhoneSimulator
		Debug|iPhone = Debug|iPhone
		Release|iPhone = Release|iPhone
	EndGlobalSection
	GlobalSection(ProjectConfigurationPlatforms) = postSolution
		{837E6D20-EFBE-4287-A76E-4CC247E318FE}.Debug|Any CPU.ActiveCfg = Debug|Any CPU
		{837E6D20-EFBE-4287-A76E-4CC247E318FE}.Debug|Any CPU.Build.0 = Debug|Any CPU
		{837E6D20-EFBE-4287-A76E-4CC247E318FE}.Release|Any CPU.ActiveCfg = Release|Any CPU
		{837E6D20-EFBE-4287-A76E-4CC247E318FE}.Release|Any CPU.Build.0 = Release|Any CPU
		{837E6D20-EFBE-4287-A76E-4CC247E318FE}.Debug|iPhoneSimulator.ActiveCfg = Debug|Any CPU
		{837E6D20-EFBE-4287-A76E-4CC247E318FE}.Debug|iPhoneSimulator.Build.0 = Debug|Any CPU
		{837E6D20-EFBE-4287-A76E-4CC247E318FE}.Release|iPhoneSimulator.ActiveCfg = Release|Any CPU
		{837E6D20-EFBE-4287-A76E-4CC247E318FE}.Release|iPhoneSimulator.Build.0 = Release|Any CPU
		{837E6D20-EFBE-4287-A76E-4CC247E318FE}.Debug|iPhone.ActiveCfg = Debug|Any CPU
		{837E6D20-EFBE-4287-A76E-4CC247E318FE}.Debug|iPhone.Build.0 = Debug|Any CPU
		{837E6D20-EFBE-4287-A76E-4CC247E318FE}.Release|iPhone.ActiveCfg = Release|Any CPU
		{837E6D20-EFBE-4287-A76E-4CC247E318FE}.Release|iPhone.Build.0 = Release|Any CPU
		{77EE15AA-3635-41D2-A1C5-D62738496C91}.Debug|Any CPU.ActiveCfg = Debug|iPhoneSimulator
		{77EE15AA-3635-41D2-A1C5-D62738496C91}.Debug|Any CPU.Build.0 = Debug|iPhoneSimulator
		{77EE15AA-3635-41D2-A1C5-D62738496C91}.Release|Any CPU.ActiveCfg = Release|iPhoneSimulator
		{77EE15AA-3635-41D2-A1C5-D62738496C91}.Release|Any CPU.Build.0 = Release|iPhoneSimulator
		{77EE15AA-3635-41D2-A1C5-D62738496C91}.Debug|iPhoneSimulator.ActiveCfg = Debug|iPhoneSimulator
		{77EE15AA-3635-41D2-A1C5-D62738496C91}.Debug|iPhoneSimulator.Build.0 = Debug|iPhoneSimulator
		{77EE15AA-3635-41D2-A1C5-D62738496C91}.Release|iPhoneSimulator.ActiveCfg = Release|iPhoneSimulator
		{77EE15AA-3635-41D2-A1C5-D62738496C91}.Release|iPhoneSimulator.Build.0 = Release|iPhoneSimulator
		{77EE15AA-3635-41D2-A1C5-D62738496C91}.Debug|iPhone.ActiveCfg = Debug|iPhone
		{77EE15AA-3635-41D2-A1C5-D62738496C91}.Debug|iPhone.Build.0 = Debug|iPhone
		{77EE15AA-3635-41D2-A1C5-D62738496C91}.Release|iPhone.ActiveCfg = Release|iPhone
		{77EE15AA-3635-41D2-A1C5-D62738496C91}.Release|iPhone.Build.0 = Release|iPhone
		{E7FF7C96-D8A2-4CAD-B4AA-2D99FAF98181}.Debug|Any CPU.ActiveCfg = Debug|Any CPU
		{E7FF7C96-D8A2-4CAD-B4AA-2D99FAF98181}.Debug|Any CPU.Build.0 = Debug|Any CPU
		{E7FF7C96-D8A2-4CAD-B4AA-2D99FAF98181}.Release|Any CPU.ActiveCfg = Release|Any CPU
		{E7FF7C96-D8A2-4CAD-B4AA-2D99FAF98181}.Release|Any CPU.Build.0 = Release|Any CPU
		{E7FF7C96-D8A2-4CAD-B4AA-2D99FAF98181}.Debug|iPhoneSimulator.ActiveCfg = Debug|Any CPU
		{E7FF7C96-D8A2-4CAD-B4AA-2D99FAF98181}.Debug|iPhoneSimulator.Build.0 = Debug|Any CPU
		{E7FF7C96-D8A2-4CAD-B4AA-2D99FAF98181}.Release|iPhoneSimulator.ActiveCfg = Release|Any CPU
		{E7FF7C96-D8A2-4CAD-B4AA-2D99FAF98181}.Release|iPhoneSimulator.Build.0 = Release|Any CPU
		{E7FF7C96-D8A2-4CAD-B4AA-2D99FAF98181}.Debug|iPhone.ActiveCfg = Debug|Any CPU
		{E7FF7C96-D8A2-4CAD-B4AA-2D99FAF98181}.Debug|iPhone.Build.0 = Debug|Any CPU
		{E7FF7C96-D8A2-4CAD-B4AA-2D99FAF98181}.Release|iPhone.ActiveCfg = Release|Any CPU
		{E7FF7C96-D8A2-4CAD-B4AA-2D99FAF98181}.Release|iPhone.Build.0 = Release|Any CPU
	EndGlobalSection
EndGlobal
